
Microsoft Visual Studio Solution File, Format Version 12.00
# Visual Studio Version 17
VisualStudioVersion = 17.5.33516.290
MinimumVisualStudioVersion = 10.0.40219.1
Project("{FAE04EC0-301F-11D3-BF4B-00C04F79EFBC}") = "Butterfly pattern", "Butterfly pattern.csproj", "{90FC2923-EF18-4A6C-A5D5-73F5BB653671}"
EndProject
Global
	GlobalSection(SolutionConfigurationPlatforms) = preSolution
		Debug|Any CPU = Debug|Any CPU
		Release|Any CPU = Release|Any CPU
	EndGlobalSection
	GlobalSection(ProjectConfigurationPlatforms) = postSolution
		{90FC2923-EF18-4A6C-A5D5-73F5BB653671}.Debug|Any CPU.ActiveCfg = Debug|Any CPU
		{90FC2923-EF18-4A6C-A5D5-73F5BB653671}.Debug|Any CPU.Build.0 = Debug|Any CPU
		{90FC2923-EF18-4A6C-A5D5-73F5BB653671}.Release|Any CPU.ActiveCfg = Release|Any CPU
		{90FC2923-EF18-4A6C-A5D5-73F5BB653671}.Release|Any CPU.Build.0 = Release|Any CPU
	EndGlobalSection
	GlobalSection(SolutionProperties) = preSolution
		HideSolutionNode = FALSE
	EndGlobalSection
	GlobalSection(ExtensibilityGlobals) = postSolution
		SolutionGuid = {13E32259-C6E6-4148-8BF2-56BB0DD22942}
	EndGlobalSection
EndGlobal
