
Microsoft Visual Studio Solution File, Format Version 12.00
# Visual Studio Version 17
VisualStudioVersion = 17.5.33516.290
MinimumVisualStudioVersion = 10.0.40219.1
Project("{FAE04EC0-301F-11D3-BF4B-00C04F79EFBC}") = "Full pyramid", "Full pyramid.csproj", "{BFF9955E-5D6B-433F-A796-EC3774E65B33}"
EndProject
Global
	GlobalSection(SolutionConfigurationPlatforms) = preSolution
		Debug|Any CPU = Debug|Any CPU
		Release|Any CPU = Release|Any CPU
	EndGlobalSection
	GlobalSection(ProjectConfigurationPlatforms) = postSolution
		{BFF9955E-5D6B-433F-A796-EC3774E65B33}.Debug|Any CPU.ActiveCfg = Debug|Any CPU
		{BFF9955E-5D6B-433F-A796-EC3774E65B33}.Debug|Any CPU.Build.0 = Debug|Any CPU
		{BFF9955E-5D6B-433F-A796-EC3774E65B33}.Release|Any CPU.ActiveCfg = Release|Any CPU
		{BFF9955E-5D6B-433F-A796-EC3774E65B33}.Release|Any CPU.Build.0 = Release|Any CPU
	EndGlobalSection
	GlobalSection(SolutionProperties) = preSolution
		HideSolutionNode = FALSE
	EndGlobalSection
	GlobalSection(ExtensibilityGlobals) = postSolution
		SolutionGuid = {916FC0EB-2DEA-4CEE-98E9-96D595F12A63}
	EndGlobalSection
EndGlobal
